// !$*UTF8*$!
{
	archiveVersion = 1;
	classes = {
	};
	objectVersion = 77;
	objects = {

/* Begin PBXContainerItemProxy section */
		F19C52BE2EBBD5EC00D6A798 /* PBXContainerItemProxy */ = {
			isa = PBXContainerItemProxy;
			containerPortal = F19C52A82EBBD5EB00D6A798 /* Project object */;
			proxyType = 1;
			remoteGlobalIDString = F19C52AF2EBBD5EB00D6A798;
			remoteInfo = OB_Quantification;
		};
		F19C52C82EBBD5EC00D6A798 /* PBXContainerItemProxy */ = {
			isa = PBXContainerItemProxy;
			containerPortal = F19C52A82EBBD5EB00D6A798 /* Project object */;
			proxyType = 1;
			remoteGlobalIDString = F19C52AF2EBBD5EB00D6A798;
			remoteInfo = OB_Quantification;
		};
/* End PBXContainerItemProxy section */

/* Begin PBXFileReference section */
		F19C52B02EBBD5EB00D6A798 /* OB_Quantification.app */ = {isa = PBXFileReference; explicitFileType = wrapper.application; includeInIndex = 0; path = OB_Quantification.app; sourceTree = BUILT_PRODUCTS_DIR; };
		F19C52BD2EBBD5EC00D6A798 /* OB_QuantificationTests.xctest */ = {isa = PBXFileReference; explicitFileType = wrapper.cfbundle; includeInIndex = 0; path = OB_QuantificationTests.xctest; sourceTree = BUILT_PRODUCTS_DIR; };
		F19C52C72EBBD5EC00D6A798 /* OB_QuantificationUITests.xctest */ = {isa = PBXFileReference; explicitFileType = wrapper.cfbundle; includeInIndex = 0; path = OB_QuantificationUITests.xctest; sourceTree = BUILT_PRODUCTS_DIR; };
/* End PBXFileReference section */

/* Begin PBXFileSystemSynchronizedBuildFileExceptionSet section */
		F1B8A63D2EBE58C800B47D51 /* Exceptions for "OB_Quantification" folder in "OB_Quantification" target */ = {
			isa = PBXFileSystemSynchronizedBuildFileExceptionSet;
			membershipExceptions = (
				"Test Suite/OB_QuantificationTests/OB_QuantificationTests.swift",
				"Test Suite/OB_QuantificationUITests/OB_QuantificationUITests.swift",
				"Test Suite/OB_QuantificationUITests/OB_QuantificationUITestsLaunchTests.swift",
			);
			target = F19C52AF2EBBD5EB00D6A798 /* OB_Quantification */;
		};
		F1B8A63E2EBE58C800B47D51 /* Exceptions for "OB_Quantification" folder in "OB_QuantificationTests" target */ = {
			isa = PBXFileSystemSynchronizedBuildFileExceptionSet;
			membershipExceptions = (
				"Test Suite/OB_QuantificationTests/OB_QuantificationTests.swift",
			);
			target = F19C52BC2EBBD5EC00D6A798 /* OB_QuantificationTests */;
		};
		F1B8A63F2EBE58C800B47D51 /* Exceptions for "OB_Quantification" folder in "OB_QuantificationUITests" target */ = {
			isa = PBXFileSystemSynchronizedBuildFileExceptionSet;
			membershipExceptions = (
				"Test Suite/OB_QuantificationUITests/OB_QuantificationUITests.swift",
				"Test Suite/OB_QuantificationUITests/OB_QuantificationUITestsLaunchTests.swift",
			);
			target = F19C52C62EBBD5EC00D6A798 /* OB_QuantificationUITests */;
		};
/* End PBXFileSystemSynchronizedBuildFileExceptionSet section */

/* Begin PBXFileSystemSynchronizedRootGroup section */
		F1B8A62F2EBE58C800B47D51 /* OB_Quantification */ = {
			isa = PBXFileSystemSynchronizedRootGroup;
			exceptions = (
				F1B8A63D2EBE58C800B47D51 /* Exceptions for "OB_Quantification" folder in "OB_Quantification" target */,
				F1B8A63E2EBE58C800B47D51 /* Exceptions for "OB_Quantification" folder in "OB_QuantificationTests" target */,
				F1B8A63F2EBE58C800B47D51 /* Exceptions for "OB_Quantification" folder in "OB_QuantificationUITests" target */,
			);
			path = OB_Quantification;
			sourceTree = "<group>";
		};
/* End PBXFileSystemSynchronizedRootGroup section */

/* Begin PBXFrameworksBuildPhase section */
		F19C52AD2EBBD5EB00D6A798 /* Frameworks */ = {
			isa = PBXFrameworksBuildPhase;
			buildActionMask = 2147483647;
			files = (
			);
			runOnlyForDeploymentPostprocessing = 0;
		};
		F19C52BA2EBBD5EC00D6A798 /* Frameworks */ = {
			isa = PBXFrameworksBuildPhase;
			buildActionMask = 2147483647;
			files = (
			);
			runOnlyForDeploymentPostprocessing = 0;
		};
		F19C52C42EBBD5EC00D6A798 /* Frameworks */ = {
			isa = PBXFrameworksBuildPhase;
			buildActionMask = 2147483647;
			files = (
			);
			runOnlyForDeploymentPostprocessing = 0;
		};
/* End PBXFrameworksBuildPhase section */

/* Begin PBXGroup section */
		F19C52A72EBBD5EB00D6A798 = {
			isa = PBXGroup;
			children = (
				F19C52B12EBBD5EB00D6A798 /* Products */,
				F1B8A62F2EBE58C800B47D51 /* OB_Quantification */,
			);
			sourceTree = "<group>";
		};
		F19C52B12EBBD5EB00D6A798 /* Products */ = {
			isa = PBXGroup;
			children = (
				F19C52B02EBBD5EB00D6A798 /* OB_Quantification.app */,
				F19C52BD2EBBD5EC00D6A798 /* OB_QuantificationTests.xctest */,
				F19C52C72EBBD5EC00D6A798 /* OB_QuantificationUITests.xctest */,
			);
			name = Products;
			sourceTree = "<group>";
		};
/* End PBXGroup section */

/* Begin PBXNativeTarget section */
		F19C52AF2EBBD5EB00D6A798 /* OB_Quantification */ = {
			isa = PBXNativeTarget;
			buildConfigurationList = F19C52D12EBBD5EC00D6A798 /* Build configuration list for PBXNativeTarget "OB_Quantification" */;
			buildPhases = (
				F19C52AC2EBBD5EB00D6A798 /* Sources */,
				F19C52AD2EBBD5EB00D6A798 /* Frameworks */,
				F19C52AE2EBBD5EB00D6A798 /* Resources */,
			);
			buildRules = (
			);
			dependencies = (
			);
			fileSystemSynchronizedGroups = (
				F1B8A62F2EBE58C800B47D51 /* OB_Quantification */,
			);
			name = OB_Quantification;
			packageProductDependencies = (
			);
			productName = OB_Quantification;
			productReference = F19C52B02EBBD5EB00D6A798 /* OB_Quantification.app */;
			productType = "com.apple.product-type.application";
		};
		F19C52BC2EBBD5EC00D6A798 /* OB_QuantificationTests */ = {
			isa = PBXNativeTarget;
			buildConfigurationList = F19C52D42EBBD5EC00D6A798 /* Build configuration list for PBXNativeTarget "OB_QuantificationTests" */;
			buildPhases = (
				F19C52B92EBBD5EC00D6A798 /* Sources */,
				F19C52BA2EBBD5EC00D6A798 /* Frameworks */,
				F19C52BB2EBBD5EC00D6A798 /* Resources */,
			);
			buildRules = (
			);
			dependencies = (
				F19C52BF2EBBD5EC00D6A798 /* PBXTargetDependency */,
			);
			name = OB_QuantificationTests;
			packageProductDependencies = (
			);
			productName = OB_QuantificationTests;
			productReference = F19C52BD2EBBD5EC00D6A798 /* OB_QuantificationTests.xctest */;
			productType = "com.apple.product-type.bundle.unit-test";
		};
		F19C52C62EBBD5EC00D6A798 /* OB_QuantificationUITests */ = {
			isa = PBXNativeTarget;
			buildConfigurationList = F19C52D72EBBD5EC00D6A798 /* Build configuration list for PBXNativeTarget "OB_QuantificationUITests" */;
			buildPhases = (
				F19C52C32EBBD5EC00D6A798 /* Sources */,
				F19C52C42EBBD5EC00D6A798 /* Frameworks */,
				F19C52C52EBBD5EC00D6A798 /* Resources */,
			);
			buildRules = (
			);
			dependencies = (
				F19C52C92EBBD5EC00D6A798 /* PBXTargetDependency */,
			);
			name = OB_QuantificationUITests;
			packageProductDependencies = (
			);
			productName = OB_QuantificationUITests;
			productReference = F19C52C72EBBD5EC00D6A798 /* OB_QuantificationUITests.xctest */;
			productType = "com.apple.product-type.bundle.ui-testing";
		};
/* End PBXNativeTarget section */

/* Begin PBXProject section */
		F19C52A82EBBD5EB00D6A798 /* Project object */ = {
			isa = PBXProject;
			attributes = {
				BuildIndependentTargetsInParallel = 1;
				LastSwiftUpdateCheck = 2600;
				LastUpgradeCheck = 2600;
				TargetAttributes = {
					F19C52AF2EBBD5EB00D6A798 = {
						CreatedOnToolsVersion = 26.0.1;
					};
					F19C52BC2EBBD5EC00D6A798 = {
						CreatedOnToolsVersion = 26.0.1;
						TestTargetID = F19C52AF2EBBD5EB00D6A798;
					};
					F19C52C62EBBD5EC00D6A798 = {
						CreatedOnToolsVersion = 26.0.1;
						TestTargetID = F19C52AF2EBBD5EB00D6A798;
					};
				};
			};
			buildConfigurationList = F19C52AB2EBBD5EB00D6A798 /* Build configuration list for PBXProject "OB_Quantification" */;
			developmentRegion = en;
			hasScannedForEncodings = 0;
			knownRegions = (
				en,
				Base,
			);
			mainGroup = F19C52A72EBBD5EB00D6A798;
			minimizedProjectReferenceProxies = 1;
			preferredProjectObjectVersion = 77;
			productRefGroup = F19C52B12EBBD5EB00D6A798 /* Products */;
			projectDirPath = "";
			projectRoot = "";
			targets = (
				F19C52AF2EBBD5EB00D6A798 /* OB_Quantification */,
				F19C52BC2EBBD5EC00D6A798 /* OB_QuantificationTests */,
				F19C52C62EBBD5EC00D6A798 /* OB_QuantificationUITests */,
			);
		};
/* End PBXProject section */

/* Begin PBXResourcesBuildPhase section */
		F19C52AE2EBBD5EB00D6A798 /* Resources */ = {
			isa = PBXResourcesBuildPhase;
			buildActionMask = 2147483647;
			files = (
			);
			runOnlyForDeploymentPostprocessing = 0;
		};
		F19C52BB2EBBD5EC00D6A798 /* Resources */ = {
			isa = PBXResourcesBuildPhase;
			buildActionMask = 2147483647;
			files = (
			);
			runOnlyForDeploymentPostprocessing = 0;
		};
		F19C52C52EBBD5EC00D6A798 /* Resources */ = {
			isa = PBXResourcesBuildPhase;
			buildActionMask = 2147483647;
			files = (
			);
			runOnlyForDeploymentPostprocessing = 0;
		};
/* End PBXResourcesBuildPhase section */

/* Begin PBXSourcesBuildPhase section */
		F19C52AC2EBBD5EB00D6A798 /* Sources */ = {
			isa = PBXSourcesBuildPhase;
			buildActionMask = 2147483647;
			files = (
			);
			runOnlyForDeploymentPostprocessing = 0;
		};
		F19C52B92EBBD5EC00D6A798 /* Sources */ = {
			isa = PBXSourcesBuildPhase;
			buildActionMask = 2147483647;
			files = (
			);
			runOnlyForDeploymentPostprocessing = 0;
		};
		F19C52C32EBBD5EC00D6A798 /* Sources */ = {
			isa = PBXSourcesBuildPhase;
			buildActionMask = 2147483647;
			files = (
			);
			runOnlyForDeploymentPostprocessing = 0;
		};
/* End PBXSourcesBuildPhase section */

/* Begin PBXTargetDependency section */
		F19C52BF2EBBD5EC00D6A798 /* PBXTargetDependency */ = {
			isa = PBXTargetDependency;
			target = F19C52AF2EBBD5EB00D6A798 /* OB_Quantification */;
			targetProxy = F19C52BE2EBBD5EC00D6A798 /* PBXContainerItemProxy */;
		};
		F19C52C92EBBD5EC00D6A798 /* PBXTargetDependency */ = {
			isa = PBXTargetDependency;
			target = F19C52AF2EBBD5EB00D6A798 /* OB_Quantification */;
			targetProxy = F19C52C82EBBD5EC00D6A798 /* PBXContainerItemProxy */;
		};
/* End PBXTargetDependency section */

/* Begin XCBuildConfiguration section */
		F19C52CF2EBBD5EC00D6A798 /* Debug */ = {
			isa = XCBuildConfiguration;
			buildSettings = {
				ALWAYS_SEARCH_USER_PATHS = NO;
				ASSETCATALOG_COMPILER_GENERATE_SWIFT_ASSET_SYMBOL_EXTENSIONS = YES;
				CLANG_ANALYZER_NONNULL = YES;
				CLANG_ANALYZER_NUMBER_OBJECT_CONVERSION = YES_AGGRESSIVE;
				CLANG_CXX_LANGUAGE_STANDARD = "gnu++20";
				CLANG_ENABLE_MODULES = YES;
				CLANG_ENABLE_OBJC_ARC = YES;
				CLANG_ENABLE_OBJC_WEAK = YES;
				CLANG_WARN_BLOCK_CAPTURE_AUTORELEASING = YES;
				CLANG_WARN_BOOL_CONVERSION = YES;
				CLANG_WARN_COMMA = YES;
				CLANG_WARN_CONSTANT_CONVERSION = YES;
				CLANG_WARN_DEPRECATED_OBJC_IMPLEMENTATIONS = YES;
				CLANG_WARN_DIRECT_OBJC_ISA_USAGE = YES_ERROR;
				CLANG_WARN_DOCUMENTATION_COMMENTS = YES;
				CLANG_WARN_EMPTY_BODY = YES;
				CLANG_WARN_ENUM_CONVERSION = YES;
				CLANG_WARN_INFINITE_RECURSION = YES;
				CLANG_WARN_INT_CONVERSION = YES;
				CLANG_WARN_NON_LITERAL_NULL_CONVERSION = YES;
				CLANG_WARN_OBJC_IMPLICIT_RETAIN_SELF = YES;
				CLANG_WARN_OBJC_LITERAL_CONVERSION = YES;
				CLANG_WARN_OBJC_ROOT_CLASS = YES_ERROR;
				CLANG_WARN_QUOTED_INCLUDE_IN_FRAMEWORK_HEADER = YES;
				CLANG_WARN_RANGE_LOOP_ANALYSIS = YES;
				CLANG_WARN_STRICT_PROTOTYPES = YES;
				CLANG_WARN_SUSPICIOUS_MOVE = YES;
				CLANG_WARN_UNGUARDED_AVAILABILITY = YES_AGGRESSIVE;
				CLANG_WARN_UNREACHABLE_CODE = YES;
				CLANG_WARN__DUPLICATE_METHOD_MATCH = YES;
				COPY_PHASE_STRIP = NO;
				DEBUG_INFORMATION_FORMAT = dwarf;
				ENABLE_STRICT_OBJC_MSGSEND = YES;
				ENABLE_TESTABILITY = YES;
				ENABLE_USER_SCRIPT_SANDBOXING = YES;
				GCC_C_LANGUAGE_STANDARD = gnu17;
				GCC_DYNAMIC_NO_PIC = NO;
				GCC_NO_COMMON_BLOCKS = YES;
				GCC_OPTIMIZATION_LEVEL = 0;
				GCC_PREPROCESSOR_DEFINITIONS = (
					"DEBUG=1",
					"$(inherited)",
				);
				GCC_WARN_64_TO_32_BIT_CONVERSION = YES;
				GCC_WARN_ABOUT_RETURN_TYPE = YES_ERROR;
				GCC_WARN_UNDECLARED_SELECTOR = YES;
				GCC_WARN_UNINITIALIZED_AUTOS = YES_AGGRESSIVE;
				GCC_WARN_UNUSED_FUNCTION = YES;
				GCC_WARN_UNUSED_VARIABLE = YES;
				IPHONEOS_DEPLOYMENT_TARGET = 26.0;
				LOCALIZATION_PREFERS_STRING_CATALOGS = YES;
				MTL_ENABLE_DEBUG_INFO = INCLUDE_SOURCE;
				MTL_FAST_MATH = YES;
				ONLY_ACTIVE_ARCH = YES;
				SDKROOT = iphoneos;
				STRING_CATALOG_GENERATE_SYMBOLS = YES;
				SWIFT_ACTIVE_COMPILATION_CONDITIONS = "DEBUG $(inherited)";
				SWIFT_OPTIMIZATION_LEVEL = "-Onone";
			};
			name = Debug;
		};
		F19C52D02EBBD5EC00D6A798 /* Release */ = {
			isa = XCBuildConfiguration;
			buildSettings = {
				ALWAYS_SEARCH_USER_PATHS = NO;
				ASSETCATALOG_COMPILER_GENERATE_SWIFT_ASSET_SYMBOL_EXTENSIONS = YES;
				CLANG_ANALYZER_NONNULL = YES;
				CLANG_ANALYZER_NUMBER_OBJECT_CONVERSION = YES_AGGRESSIVE;
				CLANG_CXX_LANGUAGE_STANDARD = "gnu++20";
				CLANG_ENABLE_MODULES = YES;
				CLANG_ENABLE_OBJC_ARC = YES;
				CLANG_ENABLE_OBJC_WEAK = YES;
				CLANG_WARN_BLOCK_CAPTURE_AUTORELEASING = YES;
				CLANG_WARN_BOOL_CONVERSION = YES;
				CLANG_WARN_COMMA = YES;
				CLANG_WARN_CONSTANT_CONVERSION = YES;
				CLANG_WARN_DEPRECATED_OBJC_IMPLEMENTATIONS = YES;
				CLANG_WARN_DIRECT_OBJC_ISA_USAGE = YES_ERROR;
				CLANG_WARN_DOCUMENTATION_COMMENTS = YES;
				CLANG_WARN_EMPTY_BODY = YES;
				CLANG_WARN_ENUM_CONVERSION = YES;
				CLANG_WARN_INFINITE_RECURSION = YES;
				CLANG_WARN_INT_CONVERSION = YES;
				CLANG_WARN_NON_LITERAL_NULL_CONVERSION = YES;
				CLANG_WARN_OBJC_IMPLICIT_RETAIN_SELF = YES;
				CLANG_WARN_OBJC_LITERAL_CONVERSION = YES;
				CLANG_WARN_OBJC_ROOT_CLASS = YES_ERROR;
				CLANG_WARN_QUOTED_INCLUDE_IN_FRAMEWORK_HEADER = YES;
				CLANG_WARN_RANGE_LOOP_ANALYSIS = YES;
				CLANG_WARN_STRICT_PROTOTYPES = YES;
				CLANG_WARN_SUSPICIOUS_MOVE = YES;
				CLANG_WARN_UNGUARDED_AVAILABILITY = YES_AGGRESSIVE;
				CLANG_WARN_UNREACHABLE_CODE = YES;
				CLANG_WARN__DUPLICATE_METHOD_MATCH = YES;
				COPY_PHASE_STRIP = NO;
				DEBUG_INFORMATION_FORMAT = "dwarf-with-dsym";
				ENABLE_NS_ASSERTIONS = NO;
				ENABLE_STRICT_OBJC_MSGSEND = YES;
				ENABLE_USER_SCRIPT_SANDBOXING = YES;
				GCC_C_LANGUAGE_STANDARD = gnu17;
				GCC_NO_COMMON_BLOCKS = YES;
				GCC_WARN_64_TO_32_BIT_CONVERSION = YES;
				GCC_WARN_ABOUT_RETURN_TYPE = YES_ERROR;
				GCC_WARN_UNDECLARED_SELECTOR = YES;
				GCC_WARN_UNINITIALIZED_AUTOS = YES_AGGRESSIVE;
				GCC_WARN_UNUSED_FUNCTION = YES;
				GCC_WARN_UNUSED_VARIABLE = YES;
				IPHONEOS_DEPLOYMENT_TARGET = 26.0;
				LOCALIZATION_PREFERS_STRING_CATALOGS = YES;
				MTL_ENABLE_DEBUG_INFO = NO;
				MTL_FAST_MATH = YES;
				SDKROOT = iphoneos;
				STRING_CATALOG_GENERATE_SYMBOLS = YES;
				SWIFT_COMPILATION_MODE = wholemodule;
				VALIDATE_PRODUCT = YES;
			};
			name = Release;
		};
		F19C52D22EBBD5EC00D6A798 /* Debug */ = {
			isa = XCBuildConfiguration;
			buildSettings = {
				ASSETCATALOG_COMPILER_APPICON_NAME = AppIcon;
				ASSETCATALOG_COMPILER_GLOBAL_ACCENT_COLOR_NAME = AccentColor;
				CODE_SIGN_STYLE = Automatic;
				CURRENT_PROJECT_VERSION = 2;
				DEVELOPMENT_TEAM = MDV83ZYNR6;
				ENABLE_PREVIEWS = YES;
				GENERATE_INFOPLIST_FILE = YES;
				INFOPLIST_KEY_CFBundleDisplayName = "Unit Conversion";
				INFOPLIST_KEY_LSApplicationCategoryType = "public.app-category.reference";
				INFOPLIST_KEY_UIApplicationSceneManifest_Generation = YES;
				INFOPLIST_KEY_UIApplicationSupportsIndirectInputEvents = YES;
				INFOPLIST_KEY_UILaunchScreen_Generation = YES;
				INFOPLIST_KEY_UISupportedInterfaceOrientations_iPad = "UIInterfaceOrientationPortrait UIInterfaceOrientationPortraitUpsideDown UIInterfaceOrientationLandscapeLeft UIInterfaceOrientationLandscapeRight";
				INFOPLIST_KEY_UISupportedInterfaceOrientations_iPhone = "UIInterfaceOrientationPortrait UIInterfaceOrientationLandscapeLeft UIInterfaceOrientationLandscapeRight";
				IPHONEOS_DEPLOYMENT_TARGET = 17.6;
				LD_RUNPATH_SEARCH_PATHS = (
					"$(inherited)",
					"@executable_path/Frameworks",
				);
				MARKETING_VERSION = 1.6;
				PRODUCT_BUNDLE_IDENTIFIER = "ThreadedRealms.OB-Quan";
				PRODUCT_NAME = "$(TARGET_NAME)";
				STRING_CATALOG_GENERATE_SYMBOLS = YES;
				SWIFT_APPROACHABLE_CONCURRENCY = YES;
				SWIFT_DEFAULT_ACTOR_ISOLATION = MainActor;
				SWIFT_EMIT_LOC_STRINGS = YES;
				SWIFT_UPCOMING_FEATURE_MEMBER_IMPORT_VISIBILITY = YES;
				SWIFT_VERSION = 5.0;
				TARGETED_DEVICE_FAMILY = "1,2";
			};
			name = Debug;
		};
		F19C52D32EBBD5EC00D6A798 /* Release */ = {
			isa = XCBuildConfiguration;
			buildSettings = {
				ASSETCATALOG_COMPILER_APPICON_NAME = AppIcon;
				ASSETCATALOG_COMPILER_GLOBAL_ACCENT_COLOR_NAME = AccentColor;
				CODE_SIGN_STYLE = Automatic;
				CURRENT_PROJECT_VERSION = 2;
				DEVELOPMENT_TEAM = MDV83ZYNR6;
				ENABLE_PREVIEWS = YES;
				GENERATE_INFOPLIST_FILE = YES;
				INFOPLIST_KEY_CFBundleDisplayName = "Unit Conversion";
				INFOPLIST_KEY_LSApplicationCategoryType = "public.app-category.reference";
				INFOPLIST_KEY_UIApplicationSceneManifest_Generation = YES;
				INFOPLIST_KEY_UIApplicationSupportsIndirectInputEvents = YES;
				INFOPLIST_KEY_UILaunchScreen_Generation = YES;
				INFOPLIST_KEY_UISupportedInterfaceOrientations_iPad = "UIInterfaceOrientationPortrait UIInterfaceOrientationPortraitUpsideDown UIInterfaceOrientationLandscapeLeft UIInterfaceOrientationLandscapeRight";
				INFOPLIST_KEY_UISupportedInterfaceOrientations_iPhone = "UIInterfaceOrientationPortrait UIInterfaceOrientationLandscapeLeft UIInterfaceOrientationLandscapeRight";
				IPHONEOS_DEPLOYMENT_TARGET = 17.6;
				LD_RUNPATH_SEARCH_PATHS = (
					"$(inherited)",
					"@executable_path/Frameworks",
				);
				MARKETING_VERSION = 1.6;
				PRODUCT_BUNDLE_IDENTIFIER = "ThreadedRealms.OB-Quan";
				PRODUCT_NAME = "$(TARGET_NAME)";
				STRING_CATALOG_GENERATE_SYMBOLS = YES;
				SWIFT_APPROACHABLE_CONCURRENCY = YES;
				SWIFT_DEFAULT_ACTOR_ISOLATION = MainActor;
				SWIFT_EMIT_LOC_STRINGS = YES;
				SWIFT_UPCOMING_FEATURE_MEMBER_IMPORT_VISIBILITY = YES;
				SWIFT_VERSION = 5.0;
				TARGETED_DEVICE_FAMILY = "1,2";
			};
			name = Release;
		};
		F19C52D52EBBD5EC00D6A798 /* Debug */ = {
			isa = XCBuildConfiguration;
			buildSettings = {
				BUNDLE_LOADER = "$(TEST_HOST)";
				CODE_SIGN_STYLE = Automatic;
				CURRENT_PROJECT_VERSION = 1;
				GENERATE_INFOPLIST_FILE = YES;
				IPHONEOS_DEPLOYMENT_TARGET = 26.0;
				MARKETING_VERSION = 1.0;
				PRODUCT_BUNDLE_IDENTIFIER = "ThreadedRealms.OB-QuantificationTests";
				PRODUCT_NAME = "$(TARGET_NAME)";
				STRING_CATALOG_GENERATE_SYMBOLS = NO;
				SWIFT_APPROACHABLE_CONCURRENCY = YES;
				SWIFT_EMIT_LOC_STRINGS = NO;
				SWIFT_UPCOMING_FEATURE_MEMBER_IMPORT_VISIBILITY = YES;
				SWIFT_VERSION = 5.0;
				TARGETED_DEVICE_FAMILY = "1,2";
				TEST_HOST = "$(BUILT_PRODUCTS_DIR)/OB_Quantification.app/$(BUNDLE_EXECUTABLE_FOLDER_PATH)/OB_Quantification";
			};
			name = Debug;
		};
		F19C52D62EBBD5EC00D6A798 /* Release */ = {
			isa = XCBuildConfiguration;
			buildSettings = {
				BUNDLE_LOADER = "$(TEST_HOST)";
				CODE_SIGN_STYLE = Automatic;
				CURRENT_PROJECT_VERSION = 1;
				GENERATE_INFOPLIST_FILE = YES;
				IPHONEOS_DEPLOYMENT_TARGET = 26.0;
				MARKETING_VERSION = 1.0;
				PRODUCT_BUNDLE_IDENTIFIER = "ThreadedRealms.OB-QuantificationTests";
				PRODUCT_NAME = "$(TARGET_NAME)";
				STRING_CATALOG_GENERATE_SYMBOLS = NO;
				SWIFT_APPROACHABLE_CONCURRENCY = YES;
				SWIFT_EMIT_LOC_STRINGS = NO;
				SWIFT_UPCOMING_FEATURE_MEMBER_IMPORT_VISIBILITY = YES;
				SWIFT_VERSION = 5.0;
				TARGETED_DEVICE_FAMILY = "1,2";
				TEST_HOST = "$(BUILT_PRODUCTS_DIR)/OB_Quantification.app/$(BUNDLE_EXECUTABLE_FOLDER_PATH)/OB_Quantification";
			};
			name = Release;
		};
		F19C52D82EBBD5EC00D6A798 /* Debug */ = {
			isa = XCBuildConfiguration;
			buildSettings = {
				CODE_SIGN_STYLE = Automatic;
				CURRENT_PROJECT_VERSION = 1;
				GENERATE_INFOPLIST_FILE = YES;
				MARKETING_VERSION = 1.0;
				PRODUCT_BUNDLE_IDENTIFIER = "ThreadedRealms.OB-QuantificationUITests";
				PRODUCT_NAME = "$(TARGET_NAME)";
				STRING_CATALOG_GENERATE_SYMBOLS = NO;
				SWIFT_APPROACHABLE_CONCURRENCY = YES;
				SWIFT_EMIT_LOC_STRINGS = NO;
				SWIFT_UPCOMING_FEATURE_MEMBER_IMPORT_VISIBILITY = YES;
				SWIFT_VERSION = 5.0;
				TARGETED_DEVICE_FAMILY = "1,2";
				TEST_TARGET_NAME = OB_Quantification;
			};
			name = Debug;
		};
		F19C52D92EBBD5EC00D6A798 /* Release */ = {
			isa = XCBuildConfiguration;
			buildSettings = {
				CODE_SIGN_STYLE = Automatic;
				CURRENT_PROJECT_VERSION = 1;
				GENERATE_INFOPLIST_FILE = YES;
				MARKETING_VERSION = 1.0;
				PRODUCT_BUNDLE_IDENTIFIER = "ThreadedRealms.OB-QuantificationUITests";
				PRODUCT_NAME = "$(TARGET_NAME)";
				STRING_CATALOG_GENERATE_SYMBOLS = NO;
				SWIFT_APPROACHABLE_CONCURRENCY = YES;
				SWIFT_EMIT_LOC_STRINGS = NO;
				SWIFT_UPCOMING_FEATURE_MEMBER_IMPORT_VISIBILITY = YES;
				SWIFT_VERSION = 5.0;
				TARGETED_DEVICE_FAMILY = "1,2";
				TEST_TARGET_NAME = OB_Quantification;
			};
			name = Release;
		};
/* End XCBuildConfiguration section */

/* Begin XCConfigurationList section */
		F19C52AB2EBBD5EB00D6A798 /* Build configuration list for PBXProject "OB_Quantification" */ = {
			isa = XCConfigurationList;
			buildConfigurations = (
				F19C52CF2EBBD5EC00D6A798 /* Debug */,
				F19C52D02EBBD5EC00D6A798 /* Release */,
			);
			defaultConfigurationIsVisible = 0;
			defaultConfigurationName = Release;
		};
		F19C52D12EBBD5EC00D6A798 /* Build configuration list for PBXNativeTarget "OB_Quantification" */ = {
			isa = XCConfigurationList;
			buildConfigurations = (
				F19C52D22EBBD5EC00D6A798 /* Debug */,
				F19C52D32EBBD5EC00D6A798 /* Release */,
			);
			defaultConfigurationIsVisible = 0;
			defaultConfigurationName = Release;
		};
		F19C52D42EBBD5EC00D6A798 /* Build configuration list for PBXNativeTarget "OB_QuantificationTests" */ = {
			isa = XCConfigurationList;
			buildConfigurations = (
				F19C52D52EBBD5EC00D6A798 /* Debug */,
				F19C52D62EBBD5EC00D6A798 /* Release */,
			);
			defaultConfigurationIsVisible = 0;
			defaultConfigurationName = Release;
		};
		F19C52D72EBBD5EC00D6A798 /* Build configuration list for PBXNativeTarget "OB_QuantificationUITests" */ = {
			isa = XCConfigurationList;
			buildConfigurations = (
				F19C52D82EBBD5EC00D6A798 /* Debug */,
				F19C52D92EBBD5EC00D6A798 /* Release */,
			);
			defaultConfigurationIsVisible = 0;
			defaultConfigurationName = Release;
		};
/* End XCConfigurationList section */
	};
	rootObject = F19C52A82EBBD5EB00D6A798 /* Project object */;
}
